
Microsoft Visual Studio Solution File, Format Version 12.00
# Visual Studio 14
VisualStudioVersion = 14.0.24720.0
MinimumVisualStudioVersion = 10.0.40219.1
Project("{FAE04EC0-301F-11D3-BF4B-00C04F79EFBC}") = "1785_LocalizationDifficulties", "1785_LocalizationDifficulties\1785_LocalizationDifficulties.csproj", "{CA3AA963-0BC3-486B-9319-23CFF2957B92}"
EndProject
Project("{FAE04EC0-301F-11D3-BF4B-00C04F79EFBC}") = "1293_Enya", "1293_Enya\1293_Enya.csproj", "{05C85108-83FD-4401-A7CA-DA1CB9007927}"
EndProject
Project("{FAE04EC0-301F-11D3-BF4B-00C04F79EFBC}") = "1409_TwoBandits", "1409_TwoBandits\1409_TwoBandits.csproj", "{70B0FDCD-6173-432F-BF24-D6491E4958AB}"
EndProject
Project("{FAE04EC0-301F-11D3-BF4B-00C04F79EFBC}") = "1877_BicycleCodes", "1877_BicycleCodes\1877_BicycleCodes.csproj", "{679D7F66-6B25-4DDF-85F4-98568338D96C}"
EndProject
Project("{FAE04EC0-301F-11D3-BF4B-00C04F79EFBC}") = "2012_AboutGrischaN", "2012_AboutGrischaN\2012_AboutGrischaN.csproj", "{1219713D-FD09-4BB6-9FB2-4554DEDF1FDB}"
EndProject
Project("{FAE04EC0-301F-11D3-BF4B-00C04F79EFBC}") = "1820_UralSteaks", "1820_UralSteaks\1820_UralSteaks.csproj", "{4F5B631C-91E8-4F5E-86E3-3C239D187312}"
EndProject
Project("{FAE04EC0-301F-11D3-BF4B-00C04F79EFBC}") = "1787_TurnToTheMega", "1787_TurnToTheMega\1787_TurnToTheMega.csproj", "{44BAACD2-B5A6-455B-891B-8081824FAC7C}"
EndProject
Project("{FAE04EC0-301F-11D3-BF4B-00C04F79EFBC}") = "1264_WorkDays", "1264_WorkDays\1264_WorkDays.csproj", "{78224518-B056-41DF-A723-A564F29BD897}"
EndProject
Project("{FAE04EC0-301F-11D3-BF4B-00C04F79EFBC}") = "2001_MathematiciansAndBerries", "2001_MathematiciansAndBerries\2001_MathematiciansAndBerries.csproj", "{D592CA33-2A39-4B5A-929D-CB87D1271EA9}"
EndProject
Project("{FAE04EC0-301F-11D3-BF4B-00C04F79EFBC}") = "1197_NoManIsAnIsland", "1197_NoManIsAnIsland\1197_NoManIsAnIsland.csproj", "{ABD38EE5-B70C-4B9F-80DE-DDD121618EA7}"
EndProject
Project("{FAE04EC0-301F-11D3-BF4B-00C04F79EFBC}") = "1880_PsychUpSelfNumbers", "1880_PsychUpSelfNumbers\1880_PsychUpSelfNumbers.csproj", "{9F676982-EC3D-492A-88CD-0CC80C6AE9FD}"
EndProject
Project("{FAE04EC0-301F-11D3-BF4B-00C04F79EFBC}") = "1910_TheRuinsOfTheTitansHiddenEntrance", "1910_TheRuinsOfTheTitansHiddenEntrance\1910_TheRuinsOfTheTitansHiddenEntrance.csproj", "{A96D53CC-B55D-4730-9E74-57B1733B07AD}"
EndProject
Project("{FAE04EC0-301F-11D3-BF4B-00C04F79EFBC}") = "1639_Chocolate2", "1639_Chocolate2\1639_Chocolate2.csproj", "{C9A1001C-3D6A-4BE3-8F37-4E4022DBC3E3}"
EndProject
Project("{FAE04EC0-301F-11D3-BF4B-00C04F79EFBC}") = "1924_FourDevils", "1924_FourDevils\1924_FourDevils.csproj", "{35F6EE21-734E-4839-9B0F-50B8E2AD9190}"
EndProject
Project("{FAE04EC0-301F-11D3-BF4B-00C04F79EFBC}") = "1313_AboutSport", "1313_AboutSport\1313_AboutSport.csproj", "{1745DBA6-56D4-4EBA-A681-53E3D81273ED}"
EndProject
Project("{FAE04EC0-301F-11D3-BF4B-00C04F79EFBC}") = "2023_DonaldMailman", "2023_DonaldMailman\2023_DonaldMailman.csproj", "{70EBB0C8-2812-4E70-A591-BF28796E31DC}"
EndProject
Project("{FAE04EC0-301F-11D3-BF4B-00C04F79EFBC}") = "1567_SMSSpam", "1567_SMSSpam\1567_SMSSpam.csproj", "{37896A97-51E1-45E3-B1CD-1D417B405229}"
EndProject
Project("{FAE04EC0-301F-11D3-BF4B-00C04F79EFBC}") = "1319_Hotel", "1319_Hotel\1319_Hotel.csproj", "{5EEA5ABD-58B0-4E0C-B521-38A9E835C95C}"
EndProject
Project("{FAE04EC0-301F-11D3-BF4B-00C04F79EFBC}") = "1581_TeamWork", "1581_TeamWork\1581_TeamWork.csproj", "{504FCBCD-CD83-4FC0-9FB5-EEE404B4B5FF}"
EndProject
Project("{FAE04EC0-301F-11D3-BF4B-00C04F79EFBC}") = "1225_Flags", "1225_Flags\1225_Flags.csproj", "{7215A6F6-4F9F-4F2D-BE6D-C9A3FE8601E0}"
EndProject
Project("{FAE04EC0-301F-11D3-BF4B-00C04F79EFBC}") = "1263_Elections", "1263_Elections\1263_Elections.csproj", "{065EF9C5-9ACE-4348-8727-515E2FDA24BE}"
EndProject
Project("{FAE04EC0-301F-11D3-BF4B-00C04F79EFBC}") = "1585_Penguins", "1585_Penguins\1585_Penguins.csproj", "{9CD28BB7-C731-407B-8A73-971501168960}"
EndProject
Project("{FAE04EC0-301F-11D3-BF4B-00C04F79EFBC}") = "1991_BattleInTheSwamp", "1991_BattleInTheSwamp\1991_BattleInTheSwamp.csproj", "{E0976E3F-C96A-418A-BD75-80CAE40E0670}"
EndProject
Project("{FAE04EC0-301F-11D3-BF4B-00C04F79EFBC}") = "1876_CentipedesMorning", "1876_CentipedesMorning\1876_CentipedesMorning.csproj", "{EC61F967-466A-4EFF-9B30-FD8EDBB7236F}"
EndProject
Project("{FAE04EC0-301F-11D3-BF4B-00C04F79EFBC}") = "1100_ResultsTable", "1100_ResultsTable\1100_ResultsTable.csproj", "{7D66BEF2-A4C1-467E-8B5B-35810011EDDC}"
EndProject
Project("{FAE04EC0-301F-11D3-BF4B-00C04F79EFBC}") = "1327_Fuses", "1327_Fuses\1327_Fuses.csproj", "{363524FB-0CC6-4809-8385-AADED894572F}"
EndProject
Project("{FAE04EC0-301F-11D3-BF4B-00C04F79EFBC}") = "1881_LongProblemSubject", "1881_LongProblemSubject\1881_LongProblemSubject.csproj", "{9903F1A1-D7CC-402E-9A16-9C812F172230}"
EndProject
Project("{FAE04EC0-301F-11D3-BF4B-00C04F79EFBC}") = "1893_A380", "1893_A380\1893_A380.csproj", "{FD62D4CC-5A28-47B7-9903-CD81707ADB97}"
EndProject
Project("{FAE04EC0-301F-11D3-BF4B-00C04F79EFBC}") = "1243_DivorceOfSevenGnomes", "1243_DivorceOfSevenGnomes\1243_DivorceOfSevenGnomes.csproj", "{26A607D8-A2AB-42C4-95B6-B8B3EEC709F9}"
EndProject
Project("{FAE04EC0-301F-11D3-BF4B-00C04F79EFBC}") = "1110_Power", "1110_Power\1110_Power.csproj", "{67D8F612-50C5-48D2-83C1-9DAD013C28D8}"
EndProject
Project("{FAE04EC0-301F-11D3-BF4B-00C04F79EFBC}") = "1493_OneStepToHappiness", "1493_OneStepToHappiness\1493_OneStepToHappiness.csproj", "{84D0451D-204B-45BE-94EC-DD362E493AF5}"
EndProject
Project("{FAE04EC0-301F-11D3-BF4B-00C04F79EFBC}") = "1349_Farm", "1349_Farm\1349_Farm.csproj", "{B902D2A0-BDDA-4D70-A3C9-DC000E2D0DEC}"
EndProject
Project("{FAE04EC0-301F-11D3-BF4B-00C04F79EFBC}") = "2066_SimpleExpression", "2066_SimpleExpression\2066_SimpleExpression.csproj", "{01F00967-3A00-40CB-BCD1-3DC4E4E25A04}"
EndProject
Project("{FAE04EC0-301F-11D3-BF4B-00C04F79EFBC}") = "1607_Taxi", "1607_Taxi\1607_Taxi.csproj", "{3815D55B-0E4C-4E3C-92FA-758589F1EF15}"
EndProject
Project("{FAE04EC0-301F-11D3-BF4B-00C04F79EFBC}") = "1496_Spamer", "1496_Spamer\1496_Spamer.csproj", "{03886DE6-C42F-4433-84D7-0B9C1C9C84B5}"
EndProject
Project("{FAE04EC0-301F-11D3-BF4B-00C04F79EFBC}") = "1545_Glyphs", "1545_Glyphs\1545_Glyphs.csproj", "{43531ADE-0CD2-4DAA-B04B-DCDC64DE6F3C}"
EndProject
Project("{FAE04EC0-301F-11D3-BF4B-00C04F79EFBC}") = "1925_AboutBritishScientists", "1925_AboutBritishScientists\1925_AboutBritishScientists.csproj", "{F4F52D72-E4FE-48CA-9B61-042ABC56CFA5}"
EndProject
Project("{FAE04EC0-301F-11D3-BF4B-00C04F79EFBC}") = "1636_PenaltyTime", "1636_PenaltyTime\1636_PenaltyTime.csproj", "{F5C170D7-6C24-407D-9A7D-ED525B8C8526}"
EndProject
Project("{FAE04EC0-301F-11D3-BF4B-00C04F79EFBC}") = "1196_HistoryExam", "1196_HistoryExam\1196_HistoryExam.csproj", "{B186ABD8-D5C6-42B7-8361-4255324104F1}"
EndProject
Project("{FAE04EC0-301F-11D3-BF4B-00C04F79EFBC}") = "1837_IsenbaevNumber", "1837_IsenbaevNumber\1837_IsenbaevNumber.csproj", "{86A89C15-7203-438D-B5C4-53C5F4D8DA3D}"
EndProject
Project("{FAE04EC0-301F-11D3-BF4B-00C04F79EFBC}") = "1149_SinusDances", "1149_SinusDances\1149_SinusDances.csproj", "{3B9B101C-7AC0-4DE9-98E3-E733437ECD45}"
EndProject
Project("{FAE04EC0-301F-11D3-BF4B-00C04F79EFBC}") = "2002_TestTask", "2002_TestTask\2002_TestTask.csproj", "{F7DB2732-8DF4-426E-89D1-8FF93CF37220}"
EndProject
Project("{FAE04EC0-301F-11D3-BF4B-00C04F79EFBC}") = "1654_Cyphertext", "1654_Cyphertext\1654_Cyphertext.csproj", "{67B84131-D03A-4E70-B94B-C38D1AC9FC91}"
EndProject
Project("{FAE04EC0-301F-11D3-BF4B-00C04F79EFBC}") = "1563_Bayan", "1563_Bayan\1563_Bayan.csproj", "{05579C81-25DD-490F-A271-41B80919EB78}"
EndProject
Project("{FAE04EC0-301F-11D3-BF4B-00C04F79EFBC}") = "1617_Slides", "1617_Slides\1617_Slides.csproj", "{206EBE85-5059-4891-9E42-B63AF6FFEB89}"
EndProject
Project("{FAE04EC0-301F-11D3-BF4B-00C04F79EFBC}") = "1723_BookOfSandro", "1723_BookOfSandro\1723_BookOfSandro.csproj", "{E299AB9C-06C1-4B26-AA40-91264985BDC0}"
EndProject
Project("{FAE04EC0-301F-11D3-BF4B-00C04F79EFBC}") = "2035_OneMoreTrialStage", "2035_OneMoreTrialStage\2035_OneMoreTrialStage.csproj", "{F79DBBA8-978F-4085-AE99-CEE93DE7C63E}"
EndProject
Project("{FAE04EC0-301F-11D3-BF4B-00C04F79EFBC}") = "1131_Copying", "1131_Copying\1131_Copying.csproj", "{C8299681-12BB-4DD2-B411-3DCC3BB96F73}"
EndProject
Project("{FAE04EC0-301F-11D3-BF4B-00C04F79EFBC}") = "1457_ExpectedValue", "1457_ExpectedValue\1457_ExpectedValue.csproj", "{A2AFD84B-C32A-4ECB-B8A2-14720CF8425F}"
EndProject
Project("{FAE04EC0-301F-11D3-BF4B-00C04F79EFBC}") = "2005_TaxiForProgrammers", "2005_TaxiForProgrammers\2005_TaxiForProgrammers.csproj", "{78A9CAA1-BD62-40B5-9C3D-C40C00E7E692}"
EndProject
Project("{FAE04EC0-301F-11D3-BF4B-00C04F79EFBC}") = "1224_Spiral", "1224_Spiral\1224_Spiral.csproj", "{71231AF8-4000-4816-B5C4-F2D22AD768F1}"
EndProject
Project("{FAE04EC0-301F-11D3-BF4B-00C04F79EFBC}") = "1792_HammingCode", "1792_HammingCode\1792_HammingCode.csproj", "{161C018F-A604-4E46-836F-EE2C1627E8F8}"
EndProject
Project("{FAE04EC0-301F-11D3-BF4B-00C04F79EFBC}") = "1935_TearsOfDrowning", "1935_TearsOfDrowning\1935_TearsOfDrowning.csproj", "{AE38C93B-60EC-4B30-8619-AC5FCBB3F17C}"
EndProject
Project("{FAE04EC0-301F-11D3-BF4B-00C04F79EFBC}") = "1712_CypherGrid", "1712_CypherGrid\1712_CypherGrid.csproj", "{586A56E0-3062-4389-BAD4-2AFFCA8A6FDD}"
EndProject
Global
	GlobalSection(SolutionConfigurationPlatforms) = preSolution
		Debug|Any CPU = Debug|Any CPU
		Release|Any CPU = Release|Any CPU
	EndGlobalSection
	GlobalSection(ProjectConfigurationPlatforms) = postSolution
		{CA3AA963-0BC3-486B-9319-23CFF2957B92}.Debug|Any CPU.ActiveCfg = Debug|Any CPU
		{CA3AA963-0BC3-486B-9319-23CFF2957B92}.Debug|Any CPU.Build.0 = Debug|Any CPU
		{CA3AA963-0BC3-486B-9319-23CFF2957B92}.Release|Any CPU.ActiveCfg = Release|Any CPU
		{CA3AA963-0BC3-486B-9319-23CFF2957B92}.Release|Any CPU.Build.0 = Release|Any CPU
		{05C85108-83FD-4401-A7CA-DA1CB9007927}.Debug|Any CPU.ActiveCfg = Debug|Any CPU
		{05C85108-83FD-4401-A7CA-DA1CB9007927}.Debug|Any CPU.Build.0 = Debug|Any CPU
		{05C85108-83FD-4401-A7CA-DA1CB9007927}.Release|Any CPU.ActiveCfg = Release|Any CPU
		{05C85108-83FD-4401-A7CA-DA1CB9007927}.Release|Any CPU.Build.0 = Release|Any CPU
		{70B0FDCD-6173-432F-BF24-D6491E4958AB}.Debug|Any CPU.ActiveCfg = Debug|Any CPU
		{70B0FDCD-6173-432F-BF24-D6491E4958AB}.Debug|Any CPU.Build.0 = Debug|Any CPU
		{70B0FDCD-6173-432F-BF24-D6491E4958AB}.Release|Any CPU.ActiveCfg = Release|Any CPU
		{70B0FDCD-6173-432F-BF24-D6491E4958AB}.Release|Any CPU.Build.0 = Release|Any CPU
		{679D7F66-6B25-4DDF-85F4-98568338D96C}.Debug|Any CPU.ActiveCfg = Debug|Any CPU
		{679D7F66-6B25-4DDF-85F4-98568338D96C}.Debug|Any CPU.Build.0 = Debug|Any CPU
		{679D7F66-6B25-4DDF-85F4-98568338D96C}.Release|Any CPU.ActiveCfg = Release|Any CPU
		{679D7F66-6B25-4DDF-85F4-98568338D96C}.Release|Any CPU.Build.0 = Release|Any CPU
		{1219713D-FD09-4BB6-9FB2-4554DEDF1FDB}.Debug|Any CPU.ActiveCfg = Debug|Any CPU
		{1219713D-FD09-4BB6-9FB2-4554DEDF1FDB}.Debug|Any CPU.Build.0 = Debug|Any CPU
		{1219713D-FD09-4BB6-9FB2-4554DEDF1FDB}.Release|Any CPU.ActiveCfg = Release|Any CPU
		{1219713D-FD09-4BB6-9FB2-4554DEDF1FDB}.Release|Any CPU.Build.0 = Release|Any CPU
		{4F5B631C-91E8-4F5E-86E3-3C239D187312}.Debug|Any CPU.ActiveCfg = Debug|Any CPU
		{4F5B631C-91E8-4F5E-86E3-3C239D187312}.Debug|Any CPU.Build.0 = Debug|Any CPU
		{4F5B631C-91E8-4F5E-86E3-3C239D187312}.Release|Any CPU.ActiveCfg = Release|Any CPU
		{4F5B631C-91E8-4F5E-86E3-3C239D187312}.Release|Any CPU.Build.0 = Release|Any CPU
		{44BAACD2-B5A6-455B-891B-8081824FAC7C}.Debug|Any CPU.ActiveCfg = Debug|Any CPU
		{44BAACD2-B5A6-455B-891B-8081824FAC7C}.Debug|Any CPU.Build.0 = Debug|Any CPU
		{44BAACD2-B5A6-455B-891B-8081824FAC7C}.Release|Any CPU.ActiveCfg = Release|Any CPU
		{44BAACD2-B5A6-455B-891B-8081824FAC7C}.Release|Any CPU.Build.0 = Release|Any CPU
		{78224518-B056-41DF-A723-A564F29BD897}.Debug|Any CPU.ActiveCfg = Debug|Any CPU
		{78224518-B056-41DF-A723-A564F29BD897}.Debug|Any CPU.Build.0 = Debug|Any CPU
		{78224518-B056-41DF-A723-A564F29BD897}.Release|Any CPU.ActiveCfg = Release|Any CPU
		{78224518-B056-41DF-A723-A564F29BD897}.Release|Any CPU.Build.0 = Release|Any CPU
		{D592CA33-2A39-4B5A-929D-CB87D1271EA9}.Debug|Any CPU.ActiveCfg = Debug|Any CPU
		{D592CA33-2A39-4B5A-929D-CB87D1271EA9}.Debug|Any CPU.Build.0 = Debug|Any CPU
		{D592CA33-2A39-4B5A-929D-CB87D1271EA9}.Release|Any CPU.ActiveCfg = Release|Any CPU
		{D592CA33-2A39-4B5A-929D-CB87D1271EA9}.Release|Any CPU.Build.0 = Release|Any CPU
		{ABD38EE5-B70C-4B9F-80DE-DDD121618EA7}.Debug|Any CPU.ActiveCfg = Debug|Any CPU
		{ABD38EE5-B70C-4B9F-80DE-DDD121618EA7}.Debug|Any CPU.Build.0 = Debug|Any CPU
		{ABD38EE5-B70C-4B9F-80DE-DDD121618EA7}.Release|Any CPU.ActiveCfg = Release|Any CPU
		{ABD38EE5-B70C-4B9F-80DE-DDD121618EA7}.Release|Any CPU.Build.0 = Release|Any CPU
		{9F676982-EC3D-492A-88CD-0CC80C6AE9FD}.Debug|Any CPU.ActiveCfg = Debug|Any CPU
		{9F676982-EC3D-492A-88CD-0CC80C6AE9FD}.Debug|Any CPU.Build.0 = Debug|Any CPU
		{9F676982-EC3D-492A-88CD-0CC80C6AE9FD}.Release|Any CPU.ActiveCfg = Release|Any CPU
		{9F676982-EC3D-492A-88CD-0CC80C6AE9FD}.Release|Any CPU.Build.0 = Release|Any CPU
		{A96D53CC-B55D-4730-9E74-57B1733B07AD}.Debug|Any CPU.ActiveCfg = Debug|Any CPU
		{A96D53CC-B55D-4730-9E74-57B1733B07AD}.Debug|Any CPU.Build.0 = Debug|Any CPU
		{A96D53CC-B55D-4730-9E74-57B1733B07AD}.Release|Any CPU.ActiveCfg = Release|Any CPU
		{A96D53CC-B55D-4730-9E74-57B1733B07AD}.Release|Any CPU.Build.0 = Release|Any CPU
		{C9A1001C-3D6A-4BE3-8F37-4E4022DBC3E3}.Debug|Any CPU.ActiveCfg = Debug|Any CPU
		{C9A1001C-3D6A-4BE3-8F37-4E4022DBC3E3}.Debug|Any CPU.Build.0 = Debug|Any CPU
		{C9A1001C-3D6A-4BE3-8F37-4E4022DBC3E3}.Release|Any CPU.ActiveCfg = Release|Any CPU
		{C9A1001C-3D6A-4BE3-8F37-4E4022DBC3E3}.Release|Any CPU.Build.0 = Release|Any CPU
		{35F6EE21-734E-4839-9B0F-50B8E2AD9190}.Debug|Any CPU.ActiveCfg = Debug|Any CPU
		{35F6EE21-734E-4839-9B0F-50B8E2AD9190}.Debug|Any CPU.Build.0 = Debug|Any CPU
		{35F6EE21-734E-4839-9B0F-50B8E2AD9190}.Release|Any CPU.ActiveCfg = Release|Any CPU
		{35F6EE21-734E-4839-9B0F-50B8E2AD9190}.Release|Any CPU.Build.0 = Release|Any CPU
		{1745DBA6-56D4-4EBA-A681-53E3D81273ED}.Debug|Any CPU.ActiveCfg = Debug|Any CPU
		{1745DBA6-56D4-4EBA-A681-53E3D81273ED}.Debug|Any CPU.Build.0 = Debug|Any CPU
		{1745DBA6-56D4-4EBA-A681-53E3D81273ED}.Release|Any CPU.ActiveCfg = Release|Any CPU
		{1745DBA6-56D4-4EBA-A681-53E3D81273ED}.Release|Any CPU.Build.0 = Release|Any CPU
		{70EBB0C8-2812-4E70-A591-BF28796E31DC}.Debug|Any CPU.ActiveCfg = Debug|Any CPU
		{70EBB0C8-2812-4E70-A591-BF28796E31DC}.Debug|Any CPU.Build.0 = Debug|Any CPU
		{70EBB0C8-2812-4E70-A591-BF28796E31DC}.Release|Any CPU.ActiveCfg = Release|Any CPU
		{70EBB0C8-2812-4E70-A591-BF28796E31DC}.Release|Any CPU.Build.0 = Release|Any CPU
		{37896A97-51E1-45E3-B1CD-1D417B405229}.Debug|Any CPU.ActiveCfg = Debug|Any CPU
		{37896A97-51E1-45E3-B1CD-1D417B405229}.Debug|Any CPU.Build.0 = Debug|Any CPU
		{37896A97-51E1-45E3-B1CD-1D417B405229}.Release|Any CPU.ActiveCfg = Release|Any CPU
		{37896A97-51E1-45E3-B1CD-1D417B405229}.Release|Any CPU.Build.0 = Release|Any CPU
		{5EEA5ABD-58B0-4E0C-B521-38A9E835C95C}.Debug|Any CPU.ActiveCfg = Debug|Any CPU
		{5EEA5ABD-58B0-4E0C-B521-38A9E835C95C}.Debug|Any CPU.Build.0 = Debug|Any CPU
		{5EEA5ABD-58B0-4E0C-B521-38A9E835C95C}.Release|Any CPU.ActiveCfg = Release|Any CPU
		{5EEA5ABD-58B0-4E0C-B521-38A9E835C95C}.Release|Any CPU.Build.0 = Release|Any CPU
		{504FCBCD-CD83-4FC0-9FB5-EEE404B4B5FF}.Debug|Any CPU.ActiveCfg = Debug|Any CPU
		{504FCBCD-CD83-4FC0-9FB5-EEE404B4B5FF}.Debug|Any CPU.Build.0 = Debug|Any CPU
		{504FCBCD-CD83-4FC0-9FB5-EEE404B4B5FF}.Release|Any CPU.ActiveCfg = Release|Any CPU
		{504FCBCD-CD83-4FC0-9FB5-EEE404B4B5FF}.Release|Any CPU.Build.0 = Release|Any CPU
		{7215A6F6-4F9F-4F2D-BE6D-C9A3FE8601E0}.Debug|Any CPU.ActiveCfg = Debug|Any CPU
		{7215A6F6-4F9F-4F2D-BE6D-C9A3FE8601E0}.Debug|Any CPU.Build.0 = Debug|Any CPU
		{7215A6F6-4F9F-4F2D-BE6D-C9A3FE8601E0}.Release|Any CPU.ActiveCfg = Release|Any CPU
		{7215A6F6-4F9F-4F2D-BE6D-C9A3FE8601E0}.Release|Any CPU.Build.0 = Release|Any CPU
		{065EF9C5-9ACE-4348-8727-515E2FDA24BE}.Debug|Any CPU.ActiveCfg = Debug|Any CPU
		{065EF9C5-9ACE-4348-8727-515E2FDA24BE}.Debug|Any CPU.Build.0 = Debug|Any CPU
		{065EF9C5-9ACE-4348-8727-515E2FDA24BE}.Release|Any CPU.ActiveCfg = Release|Any CPU
		{065EF9C5-9ACE-4348-8727-515E2FDA24BE}.Release|Any CPU.Build.0 = Release|Any CPU
		{9CD28BB7-C731-407B-8A73-971501168960}.Debug|Any CPU.ActiveCfg = Debug|Any CPU
		{9CD28BB7-C731-407B-8A73-971501168960}.Debug|Any CPU.Build.0 = Debug|Any CPU
		{9CD28BB7-C731-407B-8A73-971501168960}.Release|Any CPU.ActiveCfg = Release|Any CPU
		{9CD28BB7-C731-407B-8A73-971501168960}.Release|Any CPU.Build.0 = Release|Any CPU
		{E0976E3F-C96A-418A-BD75-80CAE40E0670}.Debug|Any CPU.ActiveCfg = Debug|Any CPU
		{E0976E3F-C96A-418A-BD75-80CAE40E0670}.Debug|Any CPU.Build.0 = Debug|Any CPU
		{E0976E3F-C96A-418A-BD75-80CAE40E0670}.Release|Any CPU.ActiveCfg = Release|Any CPU
		{E0976E3F-C96A-418A-BD75-80CAE40E0670}.Release|Any CPU.Build.0 = Release|Any CPU
		{EC61F967-466A-4EFF-9B30-FD8EDBB7236F}.Debug|Any CPU.ActiveCfg = Debug|Any CPU
		{EC61F967-466A-4EFF-9B30-FD8EDBB7236F}.Debug|Any CPU.Build.0 = Debug|Any CPU
		{EC61F967-466A-4EFF-9B30-FD8EDBB7236F}.Release|Any CPU.ActiveCfg = Release|Any CPU
		{EC61F967-466A-4EFF-9B30-FD8EDBB7236F}.Release|Any CPU.Build.0 = Release|Any CPU
		{7D66BEF2-A4C1-467E-8B5B-35810011EDDC}.Debug|Any CPU.ActiveCfg = Debug|Any CPU
		{7D66BEF2-A4C1-467E-8B5B-35810011EDDC}.Debug|Any CPU.Build.0 = Debug|Any CPU
		{7D66BEF2-A4C1-467E-8B5B-35810011EDDC}.Release|Any CPU.ActiveCfg = Release|Any CPU
		{7D66BEF2-A4C1-467E-8B5B-35810011EDDC}.Release|Any CPU.Build.0 = Release|Any CPU
		{363524FB-0CC6-4809-8385-AADED894572F}.Debug|Any CPU.ActiveCfg = Debug|Any CPU
		{363524FB-0CC6-4809-8385-AADED894572F}.Debug|Any CPU.Build.0 = Debug|Any CPU
		{363524FB-0CC6-4809-8385-AADED894572F}.Release|Any CPU.ActiveCfg = Release|Any CPU
		{363524FB-0CC6-4809-8385-AADED894572F}.Release|Any CPU.Build.0 = Release|Any CPU
		{9903F1A1-D7CC-402E-9A16-9C812F172230}.Debug|Any CPU.ActiveCfg = Debug|Any CPU
		{9903F1A1-D7CC-402E-9A16-9C812F172230}.Debug|Any CPU.Build.0 = Debug|Any CPU
		{9903F1A1-D7CC-402E-9A16-9C812F172230}.Release|Any CPU.ActiveCfg = Release|Any CPU
		{9903F1A1-D7CC-402E-9A16-9C812F172230}.Release|Any CPU.Build.0 = Release|Any CPU
		{FD62D4CC-5A28-47B7-9903-CD81707ADB97}.Debug|Any CPU.ActiveCfg = Debug|Any CPU
		{FD62D4CC-5A28-47B7-9903-CD81707ADB97}.Debug|Any CPU.Build.0 = Debug|Any CPU
		{FD62D4CC-5A28-47B7-9903-CD81707ADB97}.Release|Any CPU.ActiveCfg = Release|Any CPU
		{FD62D4CC-5A28-47B7-9903-CD81707ADB97}.Release|Any CPU.Build.0 = Release|Any CPU
		{26A607D8-A2AB-42C4-95B6-B8B3EEC709F9}.Debug|Any CPU.ActiveCfg = Debug|Any CPU
		{26A607D8-A2AB-42C4-95B6-B8B3EEC709F9}.Debug|Any CPU.Build.0 = Debug|Any CPU
		{26A607D8-A2AB-42C4-95B6-B8B3EEC709F9}.Release|Any CPU.ActiveCfg = Release|Any CPU
		{26A607D8-A2AB-42C4-95B6-B8B3EEC709F9}.Release|Any CPU.Build.0 = Release|Any CPU
		{67D8F612-50C5-48D2-83C1-9DAD013C28D8}.Debug|Any CPU.ActiveCfg = Debug|Any CPU
		{67D8F612-50C5-48D2-83C1-9DAD013C28D8}.Debug|Any CPU.Build.0 = Debug|Any CPU
		{67D8F612-50C5-48D2-83C1-9DAD013C28D8}.Release|Any CPU.ActiveCfg = Release|Any CPU
		{67D8F612-50C5-48D2-83C1-9DAD013C28D8}.Release|Any CPU.Build.0 = Release|Any CPU
		{84D0451D-204B-45BE-94EC-DD362E493AF5}.Debug|Any CPU.ActiveCfg = Debug|Any CPU
		{84D0451D-204B-45BE-94EC-DD362E493AF5}.Debug|Any CPU.Build.0 = Debug|Any CPU
		{84D0451D-204B-45BE-94EC-DD362E493AF5}.Release|Any CPU.ActiveCfg = Release|Any CPU
		{84D0451D-204B-45BE-94EC-DD362E493AF5}.Release|Any CPU.Build.0 = Release|Any CPU
		{B902D2A0-BDDA-4D70-A3C9-DC000E2D0DEC}.Debug|Any CPU.ActiveCfg = Debug|Any CPU
		{B902D2A0-BDDA-4D70-A3C9-DC000E2D0DEC}.Debug|Any CPU.Build.0 = Debug|Any CPU
		{B902D2A0-BDDA-4D70-A3C9-DC000E2D0DEC}.Release|Any CPU.ActiveCfg = Release|Any CPU
		{B902D2A0-BDDA-4D70-A3C9-DC000E2D0DEC}.Release|Any CPU.Build.0 = Release|Any CPU
		{01F00967-3A00-40CB-BCD1-3DC4E4E25A04}.Debug|Any CPU.ActiveCfg = Debug|Any CPU
		{01F00967-3A00-40CB-BCD1-3DC4E4E25A04}.Debug|Any CPU.Build.0 = Debug|Any CPU
		{01F00967-3A00-40CB-BCD1-3DC4E4E25A04}.Release|Any CPU.ActiveCfg = Release|Any CPU
		{01F00967-3A00-40CB-BCD1-3DC4E4E25A04}.Release|Any CPU.Build.0 = Release|Any CPU
		{3815D55B-0E4C-4E3C-92FA-758589F1EF15}.Debug|Any CPU.ActiveCfg = Debug|Any CPU
		{3815D55B-0E4C-4E3C-92FA-758589F1EF15}.Debug|Any CPU.Build.0 = Debug|Any CPU
		{3815D55B-0E4C-4E3C-92FA-758589F1EF15}.Release|Any CPU.ActiveCfg = Release|Any CPU
		{3815D55B-0E4C-4E3C-92FA-758589F1EF15}.Release|Any CPU.Build.0 = Release|Any CPU
		{03886DE6-C42F-4433-84D7-0B9C1C9C84B5}.Debug|Any CPU.ActiveCfg = Debug|Any CPU
		{03886DE6-C42F-4433-84D7-0B9C1C9C84B5}.Debug|Any CPU.Build.0 = Debug|Any CPU
		{03886DE6-C42F-4433-84D7-0B9C1C9C84B5}.Release|Any CPU.ActiveCfg = Release|Any CPU
		{03886DE6-C42F-4433-84D7-0B9C1C9C84B5}.Release|Any CPU.Build.0 = Release|Any CPU
		{43531ADE-0CD2-4DAA-B04B-DCDC64DE6F3C}.Debug|Any CPU.ActiveCfg = Debug|Any CPU
		{43531ADE-0CD2-4DAA-B04B-DCDC64DE6F3C}.Debug|Any CPU.Build.0 = Debug|Any CPU
		{43531ADE-0CD2-4DAA-B04B-DCDC64DE6F3C}.Release|Any CPU.ActiveCfg = Release|Any CPU
		{43531ADE-0CD2-4DAA-B04B-DCDC64DE6F3C}.Release|Any CPU.Build.0 = Release|Any CPU
		{F4F52D72-E4FE-48CA-9B61-042ABC56CFA5}.Debug|Any CPU.ActiveCfg = Debug|Any CPU
		{F4F52D72-E4FE-48CA-9B61-042ABC56CFA5}.Debug|Any CPU.Build.0 = Debug|Any CPU
		{F4F52D72-E4FE-48CA-9B61-042ABC56CFA5}.Release|Any CPU.ActiveCfg = Release|Any CPU
		{F4F52D72-E4FE-48CA-9B61-042ABC56CFA5}.Release|Any CPU.Build.0 = Release|Any CPU
		{F5C170D7-6C24-407D-9A7D-ED525B8C8526}.Debug|Any CPU.ActiveCfg = Debug|Any CPU
		{F5C170D7-6C24-407D-9A7D-ED525B8C8526}.Debug|Any CPU.Build.0 = Debug|Any CPU
		{F5C170D7-6C24-407D-9A7D-ED525B8C8526}.Release|Any CPU.ActiveCfg = Release|Any CPU
		{F5C170D7-6C24-407D-9A7D-ED525B8C8526}.Release|Any CPU.Build.0 = Release|Any CPU
		{B186ABD8-D5C6-42B7-8361-4255324104F1}.Debug|Any CPU.ActiveCfg = Debug|Any CPU
		{B186ABD8-D5C6-42B7-8361-4255324104F1}.Debug|Any CPU.Build.0 = Debug|Any CPU
		{B186ABD8-D5C6-42B7-8361-4255324104F1}.Release|Any CPU.ActiveCfg = Release|Any CPU
		{B186ABD8-D5C6-42B7-8361-4255324104F1}.Release|Any CPU.Build.0 = Release|Any CPU
		{86A89C15-7203-438D-B5C4-53C5F4D8DA3D}.Debug|Any CPU.ActiveCfg = Debug|Any CPU
		{86A89C15-7203-438D-B5C4-53C5F4D8DA3D}.Debug|Any CPU.Build.0 = Debug|Any CPU
		{86A89C15-7203-438D-B5C4-53C5F4D8DA3D}.Release|Any CPU.ActiveCfg = Release|Any CPU
		{86A89C15-7203-438D-B5C4-53C5F4D8DA3D}.Release|Any CPU.Build.0 = Release|Any CPU
		{3B9B101C-7AC0-4DE9-98E3-E733437ECD45}.Debug|Any CPU.ActiveCfg = Debug|Any CPU
		{3B9B101C-7AC0-4DE9-98E3-E733437ECD45}.Debug|Any CPU.Build.0 = Debug|Any CPU
		{3B9B101C-7AC0-4DE9-98E3-E733437ECD45}.Release|Any CPU.ActiveCfg = Release|Any CPU
		{3B9B101C-7AC0-4DE9-98E3-E733437ECD45}.Release|Any CPU.Build.0 = Release|Any CPU
		{F7DB2732-8DF4-426E-89D1-8FF93CF37220}.Debug|Any CPU.ActiveCfg = Debug|Any CPU
		{F7DB2732-8DF4-426E-89D1-8FF93CF37220}.Debug|Any CPU.Build.0 = Debug|Any CPU
		{F7DB2732-8DF4-426E-89D1-8FF93CF37220}.Release|Any CPU.ActiveCfg = Release|Any CPU
		{F7DB2732-8DF4-426E-89D1-8FF93CF37220}.Release|Any CPU.Build.0 = Release|Any CPU
		{67B84131-D03A-4E70-B94B-C38D1AC9FC91}.Debug|Any CPU.ActiveCfg = Debug|Any CPU
		{67B84131-D03A-4E70-B94B-C38D1AC9FC91}.Debug|Any CPU.Build.0 = Debug|Any CPU
		{67B84131-D03A-4E70-B94B-C38D1AC9FC91}.Release|Any CPU.ActiveCfg = Release|Any CPU
		{67B84131-D03A-4E70-B94B-C38D1AC9FC91}.Release|Any CPU.Build.0 = Release|Any CPU
		{05579C81-25DD-490F-A271-41B80919EB78}.Debug|Any CPU.ActiveCfg = Debug|Any CPU
		{05579C81-25DD-490F-A271-41B80919EB78}.Debug|Any CPU.Build.0 = Debug|Any CPU
		{05579C81-25DD-490F-A271-41B80919EB78}.Release|Any CPU.ActiveCfg = Release|Any CPU
		{05579C81-25DD-490F-A271-41B80919EB78}.Release|Any CPU.Build.0 = Release|Any CPU
		{206EBE85-5059-4891-9E42-B63AF6FFEB89}.Debug|Any CPU.ActiveCfg = Debug|Any CPU
		{206EBE85-5059-4891-9E42-B63AF6FFEB89}.Debug|Any CPU.Build.0 = Debug|Any CPU
		{206EBE85-5059-4891-9E42-B63AF6FFEB89}.Release|Any CPU.ActiveCfg = Release|Any CPU
		{206EBE85-5059-4891-9E42-B63AF6FFEB89}.Release|Any CPU.Build.0 = Release|Any CPU
		{E299AB9C-06C1-4B26-AA40-91264985BDC0}.Debug|Any CPU.ActiveCfg = Debug|Any CPU
		{E299AB9C-06C1-4B26-AA40-91264985BDC0}.Debug|Any CPU.Build.0 = Debug|Any CPU
		{E299AB9C-06C1-4B26-AA40-91264985BDC0}.Release|Any CPU.ActiveCfg = Release|Any CPU
		{E299AB9C-06C1-4B26-AA40-91264985BDC0}.Release|Any CPU.Build.0 = Release|Any CPU
		{F79DBBA8-978F-4085-AE99-CEE93DE7C63E}.Debug|Any CPU.ActiveCfg = Debug|Any CPU
		{F79DBBA8-978F-4085-AE99-CEE93DE7C63E}.Debug|Any CPU.Build.0 = Debug|Any CPU
		{F79DBBA8-978F-4085-AE99-CEE93DE7C63E}.Release|Any CPU.ActiveCfg = Release|Any CPU
		{F79DBBA8-978F-4085-AE99-CEE93DE7C63E}.Release|Any CPU.Build.0 = Release|Any CPU
		{C8299681-12BB-4DD2-B411-3DCC3BB96F73}.Debug|Any CPU.ActiveCfg = Debug|Any CPU
		{C8299681-12BB-4DD2-B411-3DCC3BB96F73}.Debug|Any CPU.Build.0 = Debug|Any CPU
		{C8299681-12BB-4DD2-B411-3DCC3BB96F73}.Release|Any CPU.ActiveCfg = Release|Any CPU
		{C8299681-12BB-4DD2-B411-3DCC3BB96F73}.Release|Any CPU.Build.0 = Release|Any CPU
		{A2AFD84B-C32A-4ECB-B8A2-14720CF8425F}.Debug|Any CPU.ActiveCfg = Debug|Any CPU
		{A2AFD84B-C32A-4ECB-B8A2-14720CF8425F}.Debug|Any CPU.Build.0 = Debug|Any CPU
		{A2AFD84B-C32A-4ECB-B8A2-14720CF8425F}.Release|Any CPU.ActiveCfg = Release|Any CPU
		{A2AFD84B-C32A-4ECB-B8A2-14720CF8425F}.Release|Any CPU.Build.0 = Release|Any CPU
		{78A9CAA1-BD62-40B5-9C3D-C40C00E7E692}.Debug|Any CPU.ActiveCfg = Debug|Any CPU
		{78A9CAA1-BD62-40B5-9C3D-C40C00E7E692}.Debug|Any CPU.Build.0 = Debug|Any CPU
		{78A9CAA1-BD62-40B5-9C3D-C40C00E7E692}.Release|Any CPU.ActiveCfg = Release|Any CPU
		{78A9CAA1-BD62-40B5-9C3D-C40C00E7E692}.Release|Any CPU.Build.0 = Release|Any CPU
		{71231AF8-4000-4816-B5C4-F2D22AD768F1}.Debug|Any CPU.ActiveCfg = Debug|Any CPU
		{71231AF8-4000-4816-B5C4-F2D22AD768F1}.Debug|Any CPU.Build.0 = Debug|Any CPU
		{71231AF8-4000-4816-B5C4-F2D22AD768F1}.Release|Any CPU.ActiveCfg = Release|Any CPU
		{71231AF8-4000-4816-B5C4-F2D22AD768F1}.Release|Any CPU.Build.0 = Release|Any CPU
		{161C018F-A604-4E46-836F-EE2C1627E8F8}.Debug|Any CPU.ActiveCfg = Debug|Any CPU
		{161C018F-A604-4E46-836F-EE2C1627E8F8}.Debug|Any CPU.Build.0 = Debug|Any CPU
		{161C018F-A604-4E46-836F-EE2C1627E8F8}.Release|Any CPU.ActiveCfg = Release|Any CPU
		{161C018F-A604-4E46-836F-EE2C1627E8F8}.Release|Any CPU.Build.0 = Release|Any CPU
		{AE38C93B-60EC-4B30-8619-AC5FCBB3F17C}.Debug|Any CPU.ActiveCfg = Debug|Any CPU
		{AE38C93B-60EC-4B30-8619-AC5FCBB3F17C}.Debug|Any CPU.Build.0 = Debug|Any CPU
		{AE38C93B-60EC-4B30-8619-AC5FCBB3F17C}.Release|Any CPU.ActiveCfg = Release|Any CPU
		{AE38C93B-60EC-4B30-8619-AC5FCBB3F17C}.Release|Any CPU.Build.0 = Release|Any CPU
		{586A56E0-3062-4389-BAD4-2AFFCA8A6FDD}.Debug|Any CPU.ActiveCfg = Debug|Any CPU
		{586A56E0-3062-4389-BAD4-2AFFCA8A6FDD}.Debug|Any CPU.Build.0 = Debug|Any CPU
		{586A56E0-3062-4389-BAD4-2AFFCA8A6FDD}.Release|Any CPU.ActiveCfg = Release|Any CPU
		{586A56E0-3062-4389-BAD4-2AFFCA8A6FDD}.Release|Any CPU.Build.0 = Release|Any CPU
	EndGlobalSection
	GlobalSection(SolutionProperties) = preSolution
		HideSolutionNode = FALSE
	EndGlobalSection
EndGlobal
